<?xml version="1.0" encoding="utf-8"?>
<Project ToolsVersion="4.0" xmlns="http://schemas.microsoft.com/developer/msbuild/2003">
  <ItemGroup>
    <Filter Include="소스 파일">
      <UniqueIdentifier>{4FC737F1-C7A5-4376-A066-2A32D752A2FF}</UniqueIdentifier>
      <Extensions>cpp;c;cc;cxx;c++;cppm;ixx;def;odl;idl;hpj;bat;asm;asmx</Extensions>
    </Filter>
    <Filter Include="헤더 파일">
      <UniqueIdentifier>{93995380-89BD-4b04-88EB-625FBE52EBFB}</UniqueIdentifier>
      <Extensions>h;hh;hpp;hxx;h++;hm;inl;inc;ipp;xsd</Extensions>
    </Filter>
    <Filter Include="리소스 파일">
      <UniqueIdentifier>{67DA6AB6-F800-4c08-8B7A-83BB121AAD01}</UniqueIdentifier>
      <Extensions>rc;ico;cur;bmp;dlg;rc2;rct;bin;rgs;gif;jpg;jpeg;jpe;resx;tiff;tif;png;wav;mfcribbon-ms</Extensions>
    </Filter>
    <Filter Include="소스 파일\Sort">
      <UniqueIdentifier>{3196223d-c425-4180-b13f-c4f6c5712393}</UniqueIdentifier>
    </Filter>
    <Filter Include="소스 파일\Bronze">
      <UniqueIdentifier>{41d3308f-50bf-463a-8d0f-d9d86101a83c}</UniqueIdentifier>
    </Filter>
    <Filter Include="소스 파일\Silver">
      <UniqueIdentifier>{7848cd4e-55a9-4ff7-87e3-4026718c9fb1}</UniqueIdentifier>
    </Filter>
    <Filter Include="소스 파일\Laboratory">
      <UniqueIdentifier>{1e76cd37-b845-48d6-9609-e0b925950784}</UniqueIdentifier>
    </Filter>
    <Filter Include="소스 파일\Recursion">
      <UniqueIdentifier>{589ffc35-9002-4cd6-897a-8eaa153edf45}</UniqueIdentifier>
    </Filter>
    <Filter Include="소스 파일\Search">
      <UniqueIdentifier>{d091265b-d9c3-4070-abd6-f4d0d38648d3}</UniqueIdentifier>
    </Filter>
    <Filter Include="소스 파일\Greedy">
      <UniqueIdentifier>{4fcd7d7d-bcf0-4e7c-8f64-d2f9bcc8698d}</UniqueIdentifier>
    </Filter>
    <Filter Include="소스 파일\Greedy\Silver">
      <UniqueIdentifier>{d9d80900-18e6-45ce-93b8-b42413f670c1}</UniqueIdentifier>
    </Filter>
    <Filter Include="소스 파일\DataStruct">
      <UniqueIdentifier>{d7565bf2-8968-4e8b-b48c-a83c3cda3e9b}</UniqueIdentifier>
    </Filter>
    <Filter Include="헤더 파일\DataStruct">
      <UniqueIdentifier>{cec8167d-37af-4237-b16b-af31755318bf}</UniqueIdentifier>
    </Filter>
    <Filter Include="소스 파일\Greedy\Bronze">
      <UniqueIdentifier>{be4e1342-aae5-43cc-bff4-83a59d6b44c3}</UniqueIdentifier>
    </Filter>
    <Filter Include="소스 파일\DataStruct\ArrayList">
      <UniqueIdentifier>{7d0a2def-b8ef-43b8-ab2c-4926de9aa495}</UniqueIdentifier>
    </Filter>
    <Filter Include="소스 파일\DataStruct\LinkedList">
      <UniqueIdentifier>{079217e2-f018-4fe7-8e3c-6cc0b1dd9c5f}</UniqueIdentifier>
    </Filter>
    <Filter Include="헤더 파일\DataStruct\ArrayListh">
      <UniqueIdentifier>{d80b0a76-0b74-4dab-9bc0-7e489ad111b0}</UniqueIdentifier>
    </Filter>
    <Filter Include="헤더 파일\DataStruct\LinkedListh">
      <UniqueIdentifier>{e516c0c8-c9d0-4ce9-85a6-94558cdb4a56}</UniqueIdentifier>
    </Filter>
    <Filter Include="소스 파일\Greedy\Gold">
      <UniqueIdentifier>{3f74d437-10c5-494e-a438-db4ea13a6c74}</UniqueIdentifier>
    </Filter>
    <Filter Include="소스 파일\Search\Silver">
      <UniqueIdentifier>{25cc5bb1-1f57-4c59-a882-8781df500a7e}</UniqueIdentifier>
    </Filter>
  </ItemGroup>
</Project>